
Microsoft Visual Studio Solution File, Format Version 12.00
# Visual Studio Version 17
VisualStudioVersion = 17.8.34525.116
MinimumVisualStudioVersion = 10.0.40219.1
Project("{FAE04EC0-301F-11D3-BF4B-00C04F79EFBC}") = "actiforloop", "actiforloop\actiforloop.csproj", "{19B460CC-1627-4435-BCF7-2F19AC68F798}"
EndProject
Global
	GlobalSection(SolutionConfigurationPlatforms) = preSolution
		Debug|Any CPU = Debug|Any CPU
		Release|Any CPU = Release|Any CPU
	EndGlobalSection
	GlobalSection(ProjectConfigurationPlatforms) = postSolution
		{19B460CC-1627-4435-BCF7-2F19AC68F798}.Debug|Any CPU.ActiveCfg = Debug|Any CPU
		{19B460CC-1627-4435-BCF7-2F19AC68F798}.Debug|Any CPU.Build.0 = Debug|Any CPU
		{19B460CC-1627-4435-BCF7-2F19AC68F798}.Release|Any CPU.ActiveCfg = Release|Any CPU
		{19B460CC-1627-4435-BCF7-2F19AC68F798}.Release|Any CPU.Build.0 = Release|Any CPU
	EndGlobalSection
	GlobalSection(SolutionProperties) = preSolution
		HideSolutionNode = FALSE
	EndGlobalSection
	GlobalSection(ExtensibilityGlobals) = postSolution
		SolutionGuid = {90ECE70A-67DE-45E4-9B2A-D76D1AA99531}
	EndGlobalSection
EndGlobal
